
Microsoft Visual Studio Solution File, Format Version 12.00
# Visual Studio Version 17
VisualStudioVersion = 17.10.35013.160
MinimumVisualStudioVersion = 10.0.40219.1
Project("{9A19103F-16F7-4668-BE54-9A1E7A4F7556}") = "web.extranet", "web.extranet\web.extranet.csproj", "{8D8BD314-241F-4001-8BFD-C22DF43C522A}"
EndProject
Project("{FAE04EC0-301F-11D3-BF4B-00C04F79EFBC}") = "orchestration.pubsub", "orchestration.pubsub\orchestration.pubsub.csproj", "{05087884-50AA-4F19-912E-A9074AEC9C19}"
EndProject
Project("{FAE04EC0-301F-11D3-BF4B-00C04F79EFBC}") = "ms.common", "ms.common\ms.common.csproj", "{F7271170-169B-4F10-93DC-9CE0DDDEFB42}"
EndProject
Global
	GlobalSection(SolutionConfigurationPlatforms) = preSolution
		Debug|Any CPU = Debug|Any CPU
		Release|Any CPU = Release|Any CPU
	EndGlobalSection
	GlobalSection(ProjectConfigurationPlatforms) = postSolution
		{8D8BD314-241F-4001-8BFD-C22DF43C522A}.Debug|Any CPU.ActiveCfg = Debug|Any CPU
		{8D8BD314-241F-4001-8BFD-C22DF43C522A}.Debug|Any CPU.Build.0 = Debug|Any CPU
		{8D8BD314-241F-4001-8BFD-C22DF43C522A}.Release|Any CPU.ActiveCfg = Release|Any CPU
		{8D8BD314-241F-4001-8BFD-C22DF43C522A}.Release|Any CPU.Build.0 = Release|Any CPU
		{05087884-50AA-4F19-912E-A9074AEC9C19}.Debug|Any CPU.ActiveCfg = Debug|Any CPU
		{05087884-50AA-4F19-912E-A9074AEC9C19}.Debug|Any CPU.Build.0 = Debug|Any CPU
		{05087884-50AA-4F19-912E-A9074AEC9C19}.Release|Any CPU.ActiveCfg = Release|Any CPU
		{05087884-50AA-4F19-912E-A9074AEC9C19}.Release|Any CPU.Build.0 = Release|Any CPU
		{F7271170-169B-4F10-93DC-9CE0DDDEFB42}.Debug|Any CPU.ActiveCfg = Debug|Any CPU
		{F7271170-169B-4F10-93DC-9CE0DDDEFB42}.Debug|Any CPU.Build.0 = Debug|Any CPU
		{F7271170-169B-4F10-93DC-9CE0DDDEFB42}.Release|Any CPU.ActiveCfg = Release|Any CPU
		{F7271170-169B-4F10-93DC-9CE0DDDEFB42}.Release|Any CPU.Build.0 = Release|Any CPU
	EndGlobalSection
	GlobalSection(SolutionProperties) = preSolution
		HideSolutionNode = FALSE
	EndGlobalSection
	GlobalSection(ExtensibilityGlobals) = postSolution
		SolutionGuid = {B3ADAE83-AC87-42C8-83DB-4934F9923017}
	EndGlobalSection
EndGlobal
